// !$*UTF8*$!
{
	archiveVersion = 1;
	classes = {
	};
	objectVersion = 46;
	objects = {

/* Begin PBXBuildFile section */
		F50B804E1D485E2000BAD9A6 /* AudioPreviewEntity+CoreDataProperties.swift in Sources */ = {isa = PBXBuildFile; fileRef = F50B804A1D485E2000BAD9A6 /* AudioPreviewEntity+CoreDataProperties.swift */; };
		F50B804F1D485E2100BAD9A6 /* AudioPreviewEntity.swift in Sources */ = {isa = PBXBuildFile; fileRef = F50B804B1D485E2000BAD9A6 /* AudioPreviewEntity.swift */; };
		F50B80531D486E8C00BAD9A6 /* CoreDataSearchResultsSerialiser.swift in Sources */ = {isa = PBXBuildFile; fileRef = F50B80521D486E8C00BAD9A6 /* CoreDataSearchResultsSerialiser.swift */; };
		F52410521D313DDF00174B89 /* SearchPageViewController.swift in Sources */ = {isa = PBXBuildFile; fileRef = F52410511D313DDF00174B89 /* SearchPageViewController.swift */; };
		F52410611D313EE300174B89 /* SearchResultsViewController.swift in Sources */ = {isa = PBXBuildFile; fileRef = F52410601D313EE300174B89 /* SearchResultsViewController.swift */; };
		F54BB5681D30E2F0004411A1 /* AppDelegate.swift in Sources */ = {isa = PBXBuildFile; fileRef = F54BB5671D30E2F0004411A1 /* AppDelegate.swift */; };
		F54BB56F1D30E2F0004411A1 /* Assets.xcassets in Resources */ = {isa = PBXBuildFile; fileRef = F54BB56E1D30E2F0004411A1 /* Assets.xcassets */; };
		F54BB5721D30E2F0004411A1 /* LaunchScreen.storyboard in Resources */ = {isa = PBXBuildFile; fileRef = F54BB5701D30E2F0004411A1 /* LaunchScreen.storyboard */; };
		F54BB57A1D30E3C9004411A1 /* CoreDataStack.swift in Sources */ = {isa = PBXBuildFile; fileRef = F54BB5791D30E3C9004411A1 /* CoreDataStack.swift */; };
		F54BB57C1D30E40F004411A1 /* AppManager.swift in Sources */ = {isa = PBXBuildFile; fileRef = F54BB57B1D30E40F004411A1 /* AppManager.swift */; };
		F54BB5801D31249C004411A1 /* iTunesJSONResult.swift in Sources */ = {isa = PBXBuildFile; fileRef = F54BB57F1D31249C004411A1 /* iTunesJSONResult.swift */; };
		F58517BC1D31480C0004DB43 /* Main.storyboard in Resources */ = {isa = PBXBuildFile; fileRef = F58517BB1D31480C0004DB43 /* Main.storyboard */; };
		F5B84FC71D41AC7D002FC782 /* DownloadMangerActiveObject.swift in Sources */ = {isa = PBXBuildFile; fileRef = F5B84FC61D41AC7D002FC782 /* DownloadMangerActiveObject.swift */; };
		F5B84FC91D431E9E002FC782 /* NSFileManager+Directories.swift in Sources */ = {isa = PBXBuildFile; fileRef = F5B84FC81D431E9E002FC782 /* NSFileManager+Directories.swift */; };
		F5F51A431D31F1E700EB8135 /* SearchResultsDataSource.swift in Sources */ = {isa = PBXBuildFile; fileRef = F5F51A421D31F1E700EB8135 /* SearchResultsDataSource.swift */; };
		F5F51A571D33A07D00EB8135 /* searchCacheDataModel.xcdatamodeld in Sources */ = {isa = PBXBuildFile; fileRef = F5F51A551D33A07D00EB8135 /* searchCacheDataModel.xcdatamodeld */; };
		F5F51A5E1D33B50500EB8135 /* ArtistEntity+CoreDataProperties.swift in Sources */ = {isa = PBXBuildFile; fileRef = F5F51A581D33B50500EB8135 /* ArtistEntity+CoreDataProperties.swift */; };
		F5F51A5F1D33B50500EB8135 /* ArtistEntity.swift in Sources */ = {isa = PBXBuildFile; fileRef = F5F51A591D33B50500EB8135 /* ArtistEntity.swift */; };
		F5F51A611D33B50500EB8135 /* TrackEntity.swift in Sources */ = {isa = PBXBuildFile; fileRef = F5F51A5B1D33B50500EB8135 /* TrackEntity.swift */; };
		F5F51A621D33B50500EB8135 /* CollectionEntity+CoreDataProperties.swift in Sources */ = {isa = PBXBuildFile; fileRef = F5F51A5C1D33B50500EB8135 /* CollectionEntity+CoreDataProperties.swift */; };
		F5F51A631D33B50500EB8135 /* CollectionEntity.swift in Sources */ = {isa = PBXBuildFile; fileRef = F5F51A5D1D33B50500EB8135 /* CollectionEntity.swift */; };
		F5F51A651D33B58D00EB8135 /* TrackEntity+CoreDataProperties.swift in Sources */ = {isa = PBXBuildFile; fileRef = F5F51A641D33B58D00EB8135 /* TrackEntity+CoreDataProperties.swift */; };
		F5F51A671D34824500EB8135 /* NSObject+ClassName.swift in Sources */ = {isa = PBXBuildFile; fileRef = F5F51A661D34824500EB8135 /* NSObject+ClassName.swift */; };
		F5FD032D1D3870200095C92D /* Trackable.swift in Sources */ = {isa = PBXBuildFile; fileRef = F5FD032C1D3870200095C92D /* Trackable.swift */; };
		F5FD03311D38A7890095C92D /* SearchEntity+CoreDataProperties.swift in Sources */ = {isa = PBXBuildFile; fileRef = F5FD032E1D38A7890095C92D /* SearchEntity+CoreDataProperties.swift */; };
		F5FD03321D38A7890095C92D /* SearchEntity.swift in Sources */ = {isa = PBXBuildFile; fileRef = F5FD032F1D38A7890095C92D /* SearchEntity.swift */; };
		F5FD03351D38B3BB0095C92D /* SearchTermsViewController.swift in Sources */ = {isa = PBXBuildFile; fileRef = F5FD03341D38B3BB0095C92D /* SearchTermsViewController.swift */; };
		F5FD035A1D3DFAFD0095C92D /* SyncCoordinator.swift in Sources */ = {isa = PBXBuildFile; fileRef = F5FD03591D3DFAFC0095C92D /* SyncCoordinator.swift */; };
		F5FD035C1D3EEBD50095C92D /* NSManagedObjectContext+Extensions.swift in Sources */ = {isa = PBXBuildFile; fileRef = F5FD035B1D3EEBD40095C92D /* NSManagedObjectContext+Extensions.swift */; };
		F5FD035F1D3EF0DB0095C92D /* WebService.swift in Sources */ = {isa = PBXBuildFile; fileRef = F5FD035E1D3EF0DB0095C92D /* WebService.swift */; };
/* End PBXBuildFile section */

/* Begin PBXFileReference section */
		F50B804A1D485E2000BAD9A6 /* AudioPreviewEntity+CoreDataProperties.swift */ = {isa = PBXFileReference; fileEncoding = 4; lastKnownFileType = sourcecode.swift; path = "AudioPreviewEntity+CoreDataProperties.swift"; sourceTree = "<group>"; };
		F50B804B1D485E2000BAD9A6 /* AudioPreviewEntity.swift */ = {isa = PBXFileReference; fileEncoding = 4; lastKnownFileType = sourcecode.swift; path = AudioPreviewEntity.swift; sourceTree = "<group>"; };
		F50B80521D486E8C00BAD9A6 /* CoreDataSearchResultsSerialiser.swift */ = {isa = PBXFileReference; fileEncoding = 4; lastKnownFileType = sourcecode.swift; name = CoreDataSearchResultsSerialiser.swift; path = CoreData/CoreDataSearchResultsSerialiser.swift; sourceTree = "<group>"; };
		F52410511D313DDF00174B89 /* SearchPageViewController.swift */ = {isa = PBXFileReference; fileEncoding = 4; lastKnownFileType = sourcecode.swift; path = SearchPageViewController.swift; sourceTree = "<group>"; };
		F52410601D313EE300174B89 /* SearchResultsViewController.swift */ = {isa = PBXFileReference; fileEncoding = 4; lastKnownFileType = sourcecode.swift; path = SearchResultsViewController.swift; sourceTree = "<group>"; };
		F54BB5641D30E2F0004411A1 /* iTunesSearchCacher.app */ = {isa = PBXFileReference; explicitFileType = wrapper.application; includeInIndex = 0; path = iTunesSearchCacher.app; sourceTree = BUILT_PRODUCTS_DIR; };
		F54BB5671D30E2F0004411A1 /* AppDelegate.swift */ = {isa = PBXFileReference; lastKnownFileType = sourcecode.swift; path = AppDelegate.swift; sourceTree = "<group>"; };
		F54BB56E1D30E2F0004411A1 /* Assets.xcassets */ = {isa = PBXFileReference; lastKnownFileType = folder.assetcatalog; path = Assets.xcassets; sourceTree = "<group>"; };
		F54BB5711D30E2F0004411A1 /* Base */ = {isa = PBXFileReference; lastKnownFileType = file.storyboard; name = Base; path = Base.lproj/LaunchScreen.storyboard; sourceTree = "<group>"; };
		F54BB5731D30E2F0004411A1 /* Info.plist */ = {isa = PBXFileReference; lastKnownFileType = text.plist.xml; path = Info.plist; sourceTree = "<group>"; };
		F54BB5791D30E3C9004411A1 /* CoreDataStack.swift */ = {isa = PBXFileReference; fileEncoding = 4; lastKnownFileType = sourcecode.swift; path = CoreDataStack.swift; sourceTree = "<group>"; };
		F54BB57B1D30E40F004411A1 /* AppManager.swift */ = {isa = PBXFileReference; fileEncoding = 4; lastKnownFileType = sourcecode.swift; path = AppManager.swift; sourceTree = "<group>"; };
		F54BB57F1D31249C004411A1 /* iTunesJSONResult.swift */ = {isa = PBXFileReference; fileEncoding = 4; lastKnownFileType = sourcecode.swift; path = iTunesJSONResult.swift; sourceTree = "<group>"; };
		F58517BB1D31480C0004DB43 /* Main.storyboard */ = {isa = PBXFileReference; fileEncoding = 4; lastKnownFileType = file.storyboard; path = Main.storyboard; sourceTree = "<group>"; };
		F5B84FC61D41AC7D002FC782 /* DownloadMangerActiveObject.swift */ = {isa = PBXFileReference; fileEncoding = 4; lastKnownFileType = sourcecode.swift; path = DownloadMangerActiveObject.swift; sourceTree = "<group>"; };
		F5B84FC81D431E9E002FC782 /* NSFileManager+Directories.swift */ = {isa = PBXFileReference; fileEncoding = 4; lastKnownFileType = sourcecode.swift; path = "NSFileManager+Directories.swift"; sourceTree = "<group>"; };
		F5F51A421D31F1E700EB8135 /* SearchResultsDataSource.swift */ = {isa = PBXFileReference; fileEncoding = 4; lastKnownFileType = sourcecode.swift; path = SearchResultsDataSource.swift; sourceTree = "<group>"; };
		F5F51A561D33A07D00EB8135 /* searchCacheDataModel.xcdatamodel */ = {isa = PBXFileReference; lastKnownFileType = wrapper.xcdatamodel; path = searchCacheDataModel.xcdatamodel; sourceTree = "<group>"; };
		F5F51A581D33B50500EB8135 /* ArtistEntity+CoreDataProperties.swift */ = {isa = PBXFileReference; fileEncoding = 4; lastKnownFileType = sourcecode.swift; path = "ArtistEntity+CoreDataProperties.swift"; sourceTree = "<group>"; };
		F5F51A591D33B50500EB8135 /* ArtistEntity.swift */ = {isa = PBXFileReference; fileEncoding = 4; lastKnownFileType = sourcecode.swift; path = ArtistEntity.swift; sourceTree = "<group>"; };
		F5F51A5B1D33B50500EB8135 /* TrackEntity.swift */ = {isa = PBXFileReference; fileEncoding = 4; lastKnownFileType = sourcecode.swift; path = TrackEntity.swift; sourceTree = "<group>"; };
		F5F51A5C1D33B50500EB8135 /* CollectionEntity+CoreDataProperties.swift */ = {isa = PBXFileReference; fileEncoding = 4; lastKnownFileType = sourcecode.swift; path = "CollectionEntity+CoreDataProperties.swift"; sourceTree = "<group>"; };
		F5F51A5D1D33B50500EB8135 /* CollectionEntity.swift */ = {isa = PBXFileReference; fileEncoding = 4; lastKnownFileType = sourcecode.swift; path = CollectionEntity.swift; sourceTree = "<group>"; };
		F5F51A641D33B58D00EB8135 /* TrackEntity+CoreDataProperties.swift */ = {isa = PBXFileReference; fileEncoding = 4; lastKnownFileType = sourcecode.swift; path = "TrackEntity+CoreDataProperties.swift"; sourceTree = "<group>"; };
		F5F51A661D34824500EB8135 /* NSObject+ClassName.swift */ = {isa = PBXFileReference; fileEncoding = 4; lastKnownFileType = sourcecode.swift; path = "NSObject+ClassName.swift"; sourceTree = "<group>"; };
		F5FD032C1D3870200095C92D /* Trackable.swift */ = {isa = PBXFileReference; fileEncoding = 4; lastKnownFileType = sourcecode.swift; path = Trackable.swift; sourceTree = "<group>"; };
		F5FD032E1D38A7890095C92D /* SearchEntity+CoreDataProperties.swift */ = {isa = PBXFileReference; fileEncoding = 4; lastKnownFileType = sourcecode.swift; path = "SearchEntity+CoreDataProperties.swift"; sourceTree = "<group>"; };
		F5FD032F1D38A7890095C92D /* SearchEntity.swift */ = {isa = PBXFileReference; fileEncoding = 4; lastKnownFileType = sourcecode.swift; path = SearchEntity.swift; sourceTree = "<group>"; };
		F5FD03341D38B3BB0095C92D /* SearchTermsViewController.swift */ = {isa = PBXFileReference; fileEncoding = 4; lastKnownFileType = sourcecode.swift; path = SearchTermsViewController.swift; sourceTree = "<group>"; };
		F5FD03591D3DFAFC0095C92D /* SyncCoordinator.swift */ = {isa = PBXFileReference; fileEncoding = 4; lastKnownFileType = sourcecode.swift; path = SyncCoordinator.swift; sourceTree = "<group>"; };
		F5FD035B1D3EEBD40095C92D /* NSManagedObjectContext+Extensions.swift */ = {isa = PBXFileReference; fileEncoding = 4; lastKnownFileType = sourcecode.swift; path = "NSManagedObjectContext+Extensions.swift"; sourceTree = "<group>"; };
		F5FD035E1D3EF0DB0095C92D /* WebService.swift */ = {isa = PBXFileReference; fileEncoding = 4; lastKnownFileType = sourcecode.swift; path = WebService.swift; sourceTree = "<group>"; };
/* End PBXFileReference section */

/* Begin PBXFrameworksBuildPhase section */
		F54BB5611D30E2F0004411A1 /* Frameworks */ = {
			isa = PBXFrameworksBuildPhase;
			buildActionMask = 2147483647;
			files = (
			);
			runOnlyForDeploymentPostprocessing = 0;
		};
/* End PBXFrameworksBuildPhase section */

/* Begin PBXGroup section */
		F52410501D313D9F00174B89 /* Model */ = {
			isa = PBXGroup;
			children = (
				F5F51A421D31F1E700EB8135 /* SearchResultsDataSource.swift */,
				F50B80521D486E8C00BAD9A6 /* CoreDataSearchResultsSerialiser.swift */,
				F5FD032C1D3870200095C92D /* Trackable.swift */,
				F54BB57F1D31249C004411A1 /* iTunesJSONResult.swift */,
				F5F51A661D34824500EB8135 /* NSObject+ClassName.swift */,
			);
			name = Model;
			sourceTree = "<group>";
		};
		F54BB55B1D30E2F0004411A1 = {
			isa = PBXGroup;
			children = (
				F54BB5661D30E2F0004411A1 /* iTunesSearchCacher */,
				F54BB5651D30E2F0004411A1 /* Products */,
			);
			sourceTree = "<group>";
		};
		F54BB5651D30E2F0004411A1 /* Products */ = {
			isa = PBXGroup;
			children = (
				F54BB5641D30E2F0004411A1 /* iTunesSearchCacher.app */,
			);
			name = Products;
			sourceTree = "<group>";
		};
		F54BB5661D30E2F0004411A1 /* iTunesSearchCacher */ = {
			isa = PBXGroup;
			children = (
				F5FD035D1D3EF0C90095C92D /* WebService */,
				F5FD033A1D3BC90D0095C92D /* SyncEngine */,
				F5F51A541D33A05600EB8135 /* CoreData */,
				F52410511D313DDF00174B89 /* SearchPageViewController.swift */,
				F5FD03341D38B3BB0095C92D /* SearchTermsViewController.swift */,
				F5F51A451D31F20600EB8135 /* Results */,
				F58517BB1D31480C0004DB43 /* Main.storyboard */,
				F54BB5701D30E2F0004411A1 /* LaunchScreen.storyboard */,
				F5F51A461D31F3A300EB8135 /* AppManagment */,
				F54BB56E1D30E2F0004411A1 /* Assets.xcassets */,
				F54BB5731D30E2F0004411A1 /* Info.plist */,
			);
			path = iTunesSearchCacher;
			sourceTree = "<group>";
		};
		F5F51A451D31F20600EB8135 /* Results */ = {
			isa = PBXGroup;
			children = (
				F52410601D313EE300174B89 /* SearchResultsViewController.swift */,
				F52410501D313D9F00174B89 /* Model */,
			);
			name = Results;
			sourceTree = "<group>";
		};
		F5F51A461D31F3A300EB8135 /* AppManagment */ = {
			isa = PBXGroup;
			children = (
				F54BB5671D30E2F0004411A1 /* AppDelegate.swift */,
				F54BB57B1D30E40F004411A1 /* AppManager.swift */,
				F54BB5791D30E3C9004411A1 /* CoreDataStack.swift */,
			);
			name = AppManagment;
			sourceTree = "<group>";
		};
		F5F51A541D33A05600EB8135 /* CoreData */ = {
			isa = PBXGroup;
			children = (
				F5F51A591D33B50500EB8135 /* ArtistEntity.swift */,
				F5F51A5D1D33B50500EB8135 /* CollectionEntity.swift */,
				F5F51A5B1D33B50500EB8135 /* TrackEntity.swift */,
				F5FD032F1D38A7890095C92D /* SearchEntity.swift */,
				F50B804B1D485E2000BAD9A6 /* AudioPreviewEntity.swift */,
				F50B804A1D485E2000BAD9A6 /* AudioPreviewEntity+CoreDataProperties.swift */,
				F5FD032E1D38A7890095C92D /* SearchEntity+CoreDataProperties.swift */,
				F5F51A581D33B50500EB8135 /* ArtistEntity+CoreDataProperties.swift */,
				F5F51A5C1D33B50500EB8135 /* CollectionEntity+CoreDataProperties.swift */,
				F5F51A641D33B58D00EB8135 /* TrackEntity+CoreDataProperties.swift */,
				F5F51A551D33A07D00EB8135 /* searchCacheDataModel.xcdatamodeld */,
			);
			path = CoreData;
			sourceTree = "<group>";
		};
		F5FD033A1D3BC90D0095C92D /* SyncEngine */ = {
			isa = PBXGroup;
			children = (
				F5FD03591D3DFAFC0095C92D /* SyncCoordinator.swift */,
				F5FD035B1D3EEBD40095C92D /* NSManagedObjectContext+Extensions.swift */,
			);
			name = SyncEngine;
			sourceTree = "<group>";
		};
		F5FD035D1D3EF0C90095C92D /* WebService */ = {
			isa = PBXGroup;
			children = (
				F5FD035E1D3EF0DB0095C92D /* WebService.swift */,
				F5B84FC61D41AC7D002FC782 /* DownloadMangerActiveObject.swift */,
				F5B84FC81D431E9E002FC782 /* NSFileManager+Directories.swift */,
			);
			name = WebService;
			sourceTree = "<group>";
		};
/* End PBXGroup section */

/* Begin PBXNativeTarget section */
		F54BB5631D30E2F0004411A1 /* iTunesSearchCacher */ = {
			isa = PBXNativeTarget;
			buildConfigurationList = F54BB5761D30E2F0004411A1 /* Build configuration list for PBXNativeTarget "iTunesSearchCacher" */;
			buildPhases = (
				F54BB5601D30E2F0004411A1 /* Sources */,
				F54BB5611D30E2F0004411A1 /* Frameworks */,
				F54BB5621D30E2F0004411A1 /* Resources */,
			);
			buildRules = (
			);
			dependencies = (
			);
			name = iTunesSearchCacher;
			productName = iTunesSearchCacher;
			productReference = F54BB5641D30E2F0004411A1 /* iTunesSearchCacher.app */;
			productType = "com.apple.product-type.application";
		};
/* End PBXNativeTarget section */

/* Begin PBXProject section */
		F54BB55C1D30E2F0004411A1 /* Project object */ = {
			isa = PBXProject;
			attributes = {
				LastSwiftUpdateCheck = 0730;
				LastUpgradeCheck = 0730;
				ORGANIZATIONNAME = happyTuna;
				TargetAttributes = {
					F54BB5631D30E2F0004411A1 = {
						CreatedOnToolsVersion = 7.3.1;
						DevelopmentTeam = 2L5E585DU5;
					};
				};
			};
			buildConfigurationList = F54BB55F1D30E2F0004411A1 /* Build configuration list for PBXProject "iTunesSearchCacher" */;
			compatibilityVersion = "Xcode 3.2";
			developmentRegion = English;
			hasScannedForEncodings = 0;
			knownRegions = (
				en,
				Base,
			);
			mainGroup = F54BB55B1D30E2F0004411A1;
			productRefGroup = F54BB5651D30E2F0004411A1 /* Products */;
			projectDirPath = "";
			projectRoot = "";
			targets = (
				F54BB5631D30E2F0004411A1 /* iTunesSearchCacher */,
			);
		};
/* End PBXProject section */

/* Begin PBXResourcesBuildPhase section */
		F54BB5621D30E2F0004411A1 /* Resources */ = {
			isa = PBXResourcesBuildPhase;
			buildActionMask = 2147483647;
			files = (
				F58517BC1D31480C0004DB43 /* Main.storyboard in Resources */,
				F54BB5721D30E2F0004411A1 /* LaunchScreen.storyboard in Resources */,
				F54BB56F1D30E2F0004411A1 /* Assets.xcassets in Resources */,
			);
			runOnlyForDeploymentPostprocessing = 0;
		};
/* End PBXResourcesBuildPhase section */

/* Begin PBXSourcesBuildPhase section */
		F54BB5601D30E2F0004411A1 /* Sources */ = {
			isa = PBXSourcesBuildPhase;
			buildActionMask = 2147483647;
			files = (
				F5FD035F1D3EF0DB0095C92D /* WebService.swift in Sources */,
				F54BB57A1D30E3C9004411A1 /* CoreDataStack.swift in Sources */,
				F50B804E1D485E2000BAD9A6 /* AudioPreviewEntity+CoreDataProperties.swift in Sources */,
				F52410611D313EE300174B89 /* SearchResultsViewController.swift in Sources */,
				F5F51A611D33B50500EB8135 /* TrackEntity.swift in Sources */,
				F5FD032D1D3870200095C92D /* Trackable.swift in Sources */,
				F5FD03321D38A7890095C92D /* SearchEntity.swift in Sources */,
				F5FD035A1D3DFAFD0095C92D /* SyncCoordinator.swift in Sources */,
				F54BB5681D30E2F0004411A1 /* AppDelegate.swift in Sources */,
				F5B84FC71D41AC7D002FC782 /* DownloadMangerActiveObject.swift in Sources */,
				F5F51A631D33B50500EB8135 /* CollectionEntity.swift in Sources */,
				F5FD035C1D3EEBD50095C92D /* NSManagedObjectContext+Extensions.swift in Sources */,
				F5FD03311D38A7890095C92D /* SearchEntity+CoreDataProperties.swift in Sources */,
				F5F51A5E1D33B50500EB8135 /* ArtistEntity+CoreDataProperties.swift in Sources */,
				F54BB57C1D30E40F004411A1 /* AppManager.swift in Sources */,
				F5B84FC91D431E9E002FC782 /* NSFileManager+Directories.swift in Sources */,
				F50B804F1D485E2100BAD9A6 /* AudioPreviewEntity.swift in Sources */,
				F5F51A671D34824500EB8135 /* NSObject+ClassName.swift in Sources */,
				F52410521D313DDF00174B89 /* SearchPageViewController.swift in Sources */,
				F50B80531D486E8C00BAD9A6 /* CoreDataSearchResultsSerialiser.swift in Sources */,
				F54BB5801D31249C004411A1 /* iTunesJSONResult.swift in Sources */,
				F5F51A431D31F1E700EB8135 /* SearchResultsDataSource.swift in Sources */,
				F5FD03351D38B3BB0095C92D /* SearchTermsViewController.swift in Sources */,
				F5F51A621D33B50500EB8135 /* CollectionEntity+CoreDataProperties.swift in Sources */,
				F5F51A651D33B58D00EB8135 /* TrackEntity+CoreDataProperties.swift in Sources */,
				F5F51A5F1D33B50500EB8135 /* ArtistEntity.swift in Sources */,
				F5F51A571D33A07D00EB8135 /* searchCacheDataModel.xcdatamodeld in Sources */,
			);
			runOnlyForDeploymentPostprocessing = 0;
		};
/* End PBXSourcesBuildPhase section */

/* Begin PBXVariantGroup section */
		F54BB5701D30E2F0004411A1 /* LaunchScreen.storyboard */ = {
			isa = PBXVariantGroup;
			children = (
				F54BB5711D30E2F0004411A1 /* Base */,
			);
			name = LaunchScreen.storyboard;
			sourceTree = "<group>";
		};
/* End PBXVariantGroup section */

/* Begin XCBuildConfiguration section */
		F54BB5741D30E2F0004411A1 /* Debug */ = {
			isa = XCBuildConfiguration;
			buildSettings = {
				ALWAYS_SEARCH_USER_PATHS = NO;
				CLANG_ANALYZER_NONNULL = YES;
				CLANG_CXX_LANGUAGE_STANDARD = "gnu++0x";
				CLANG_CXX_LIBRARY = "libc++";
				CLANG_ENABLE_MODULES = YES;
				CLANG_ENABLE_OBJC_ARC = YES;
				CLANG_WARN_BOOL_CONVERSION = YES;
				CLANG_WARN_CONSTANT_CONVERSION = YES;
				CLANG_WARN_DIRECT_OBJC_ISA_USAGE = YES_ERROR;
				CLANG_WARN_EMPTY_BODY = YES;
				CLANG_WARN_ENUM_CONVERSION = YES;
				CLANG_WARN_INT_CONVERSION = YES;
				CLANG_WARN_OBJC_ROOT_CLASS = YES_ERROR;
				CLANG_WARN_UNREACHABLE_CODE = YES;
				CLANG_WARN__DUPLICATE_METHOD_MATCH = YES;
				"CODE_SIGN_IDENTITY[sdk=iphoneos*]" = "iPhone Developer";
				COPY_PHASE_STRIP = NO;
				DEBUG_INFORMATION_FORMAT = dwarf;
				ENABLE_STRICT_OBJC_MSGSEND = YES;
				ENABLE_TESTABILITY = YES;
				GCC_C_LANGUAGE_STANDARD = gnu99;
				GCC_DYNAMIC_NO_PIC = NO;
				GCC_NO_COMMON_BLOCKS = YES;
				GCC_OPTIMIZATION_LEVEL = 0;
				GCC_PREPROCESSOR_DEFINITIONS = (
					"DEBUG=1",
					"$(inherited)",
				);
				GCC_WARN_64_TO_32_BIT_CONVERSION = YES;
				GCC_WARN_ABOUT_RETURN_TYPE = YES_ERROR;
				GCC_WARN_UNDECLARED_SELECTOR = YES;
				GCC_WARN_UNINITIALIZED_AUTOS = YES_AGGRESSIVE;
				GCC_WARN_UNUSED_FUNCTION = YES;
				GCC_WARN_UNUSED_VARIABLE = YES;
				IPHONEOS_DEPLOYMENT_TARGET = 9.3;
				MTL_ENABLE_DEBUG_INFO = YES;
				ONLY_ACTIVE_ARCH = YES;
				SDKROOT = iphoneos;
				SWIFT_OPTIMIZATION_LEVEL = "-Onone";
				TARGETED_DEVICE_FAMILY = "1,2";
			};
			name = Debug;
		};
		F54BB5751D30E2F0004411A1 /* Release */ = {
			isa = XCBuildConfiguration;
			buildSettings = {
				ALWAYS_SEARCH_USER_PATHS = NO;
				CLANG_ANALYZER_NONNULL = YES;
				CLANG_CXX_LANGUAGE_STANDARD = "gnu++0x";
				CLANG_CXX_LIBRARY = "libc++";
				CLANG_ENABLE_MODULES = YES;
				CLANG_ENABLE_OBJC_ARC = YES;
				CLANG_WARN_BOOL_CONVERSION = YES;
				CLANG_WARN_CONSTANT_CONVERSION = YES;
				CLANG_WARN_DIRECT_OBJC_ISA_USAGE = YES_ERROR;
				CLANG_WARN_EMPTY_BODY = YES;
				CLANG_WARN_ENUM_CONVERSION = YES;
				CLANG_WARN_INT_CONVERSION = YES;
				CLANG_WARN_OBJC_ROOT_CLASS = YES_ERROR;
				CLANG_WARN_UNREACHABLE_CODE = YES;
				CLANG_WARN__DUPLICATE_METHOD_MATCH = YES;
				"CODE_SIGN_IDENTITY[sdk=iphoneos*]" = "iPhone Developer";
				COPY_PHASE_STRIP = NO;
				DEBUG_INFORMATION_FORMAT = "dwarf-with-dsym";
				ENABLE_NS_ASSERTIONS = NO;
				ENABLE_STRICT_OBJC_MSGSEND = YES;
				GCC_C_LANGUAGE_STANDARD = gnu99;
				GCC_NO_COMMON_BLOCKS = YES;
				GCC_WARN_64_TO_32_BIT_CONVERSION = YES;
				GCC_WARN_ABOUT_RETURN_TYPE = YES_ERROR;
				GCC_WARN_UNDECLARED_SELECTOR = YES;
				GCC_WARN_UNINITIALIZED_AUTOS = YES_AGGRESSIVE;
				GCC_WARN_UNUSED_FUNCTION = YES;
				GCC_WARN_UNUSED_VARIABLE = YES;
				IPHONEOS_DEPLOYMENT_TARGET = 9.3;
				MTL_ENABLE_DEBUG_INFO = NO;
				SDKROOT = iphoneos;
				TARGETED_DEVICE_FAMILY = "1,2";
				VALIDATE_PRODUCT = YES;
			};
			name = Release;
		};
		F54BB5771D30E2F0004411A1 /* Debug */ = {
			isa = XCBuildConfiguration;
			buildSettings = {
				ASSETCATALOG_COMPILER_APPICON_NAME = AppIcon;
				CODE_SIGN_IDENTITY = "iPhone Developer";
				"CODE_SIGN_IDENTITY[sdk=iphoneos*]" = "iPhone Developer";
				INFOPLIST_FILE = iTunesSearchCacher/Info.plist;
				LD_RUNPATH_SEARCH_PATHS = "$(inherited) @executable_path/Frameworks";
				PRODUCT_BUNDLE_IDENTIFIER = happyTuna.iTunesSearchCacher;
				PRODUCT_NAME = "$(TARGET_NAME)";
				PROVISIONING_PROFILE = "";
			};
			name = Debug;
		};
		F54BB5781D30E2F0004411A1 /* Release */ = {
			isa = XCBuildConfiguration;
			buildSettings = {
				ASSETCATALOG_COMPILER_APPICON_NAME = AppIcon;
				CODE_SIGN_IDENTITY = "iPhone Developer";
				"CODE_SIGN_IDENTITY[sdk=iphoneos*]" = "iPhone Developer";
				INFOPLIST_FILE = iTunesSearchCacher/Info.plist;
				LD_RUNPATH_SEARCH_PATHS = "$(inherited) @executable_path/Frameworks";
				PRODUCT_BUNDLE_IDENTIFIER = happyTuna.iTunesSearchCacher;
				PRODUCT_NAME = "$(TARGET_NAME)";
				PROVISIONING_PROFILE = "";
			};
			name = Release;
		};
/* End XCBuildConfiguration section */

/* Begin XCConfigurationList section */
		F54BB55F1D30E2F0004411A1 /* Build configuration list for PBXProject "iTunesSearchCacher" */ = {
			isa = XCConfigurationList;
			buildConfigurations = (
				F54BB5741D30E2F0004411A1 /* Debug */,
				F54BB5751D30E2F0004411A1 /* Release */,
			);
			defaultConfigurationIsVisible = 0;
			defaultConfigurationName = Release;
		};
		F54BB5761D30E2F0004411A1 /* Build configuration list for PBXNativeTarget "iTunesSearchCacher" */ = {
			isa = XCConfigurationList;
			buildConfigurations = (
				F54BB5771D30E2F0004411A1 /* Debug */,
				F54BB5781D30E2F0004411A1 /* Release */,
			);
			defaultConfigurationIsVisible = 0;
			defaultConfigurationName = Release;
		};
/* End XCConfigurationList section */

/* Begin XCVersionGroup section */
		F5F51A551D33A07D00EB8135 /* searchCacheDataModel.xcdatamodeld */ = {
			isa = XCVersionGroup;
			children = (
				F5F51A561D33A07D00EB8135 /* searchCacheDataModel.xcdatamodel */,
			);
			currentVersion = F5F51A561D33A07D00EB8135 /* searchCacheDataModel.xcdatamodel */;
			path = searchCacheDataModel.xcdatamodeld;
			sourceTree = "<group>";
			versionGroupType = wrapper.xcdatamodel;
		};
/* End XCVersionGroup section */
	};
	rootObject = F54BB55C1D30E2F0004411A1 /* Project object */;
}
